
Microsoft Visual Studio Solution File, Format Version 12.00
# Visual Studio Version 17
VisualStudioVersion = 17.6.33815.320
MinimumVisualStudioVersion = 10.0.40219.1
Project("{FAE04EC0-301F-11D3-BF4B-00C04F79EFBC}") = "VideoClub.Web", "VideoClub\VideoClub.Web.csproj", "{5F410FBD-7252-4163-BEE0-308B8B9E507C}"
EndProject
Project("{FAE04EC0-301F-11D3-BF4B-00C04F79EFBC}") = "VideoClub.Common", "Common\VideoClub.Common.csproj", "{BC0157C1-A73A-4E4D-A759-6DAD1C2827D7}"
EndProject
Project("{FAE04EC0-301F-11D3-BF4B-00C04F79EFBC}") = "VideoClub.Core", "VideoClub.Core\VideoClub.Core.csproj", "{57D51C0E-0513-44FC-8656-A0A625253F7F}"
EndProject
Project("{FAE04EC0-301F-11D3-BF4B-00C04F79EFBC}") = "VideoClub.Infrastructure", "VideoClub.Infrastructure\VideoClub.Infrastructure.csproj", "{22885627-F73B-4E46-B2E5-93CAE2481A01}"
EndProject
Project("{FAE04EC0-301F-11D3-BF4B-00C04F79EFBC}") = "Seeder", "Seeder\Seeder.csproj", "{7265CE61-B82E-49DC-A324-FFE4E04935DE}"
EndProject
Global
	GlobalSection(SolutionConfigurationPlatforms) = preSolution
		Debug|Any CPU = Debug|Any CPU
		Release|Any CPU = Release|Any CPU
	EndGlobalSection
	GlobalSection(ProjectConfigurationPlatforms) = postSolution
		{5F410FBD-7252-4163-BEE0-308B8B9E507C}.Debug|Any CPU.ActiveCfg = Debug|Any CPU
		{5F410FBD-7252-4163-BEE0-308B8B9E507C}.Debug|Any CPU.Build.0 = Debug|Any CPU
		{5F410FBD-7252-4163-BEE0-308B8B9E507C}.Release|Any CPU.ActiveCfg = Release|Any CPU
		{5F410FBD-7252-4163-BEE0-308B8B9E507C}.Release|Any CPU.Build.0 = Release|Any CPU
		{BC0157C1-A73A-4E4D-A759-6DAD1C2827D7}.Debug|Any CPU.ActiveCfg = Debug|Any CPU
		{BC0157C1-A73A-4E4D-A759-6DAD1C2827D7}.Debug|Any CPU.Build.0 = Debug|Any CPU
		{BC0157C1-A73A-4E4D-A759-6DAD1C2827D7}.Release|Any CPU.ActiveCfg = Release|Any CPU
		{BC0157C1-A73A-4E4D-A759-6DAD1C2827D7}.Release|Any CPU.Build.0 = Release|Any CPU
		{57D51C0E-0513-44FC-8656-A0A625253F7F}.Debug|Any CPU.ActiveCfg = Debug|Any CPU
		{57D51C0E-0513-44FC-8656-A0A625253F7F}.Debug|Any CPU.Build.0 = Debug|Any CPU
		{57D51C0E-0513-44FC-8656-A0A625253F7F}.Release|Any CPU.ActiveCfg = Release|Any CPU
		{57D51C0E-0513-44FC-8656-A0A625253F7F}.Release|Any CPU.Build.0 = Release|Any CPU
		{22885627-F73B-4E46-B2E5-93CAE2481A01}.Debug|Any CPU.ActiveCfg = Debug|Any CPU
		{22885627-F73B-4E46-B2E5-93CAE2481A01}.Debug|Any CPU.Build.0 = Debug|Any CPU
		{22885627-F73B-4E46-B2E5-93CAE2481A01}.Release|Any CPU.ActiveCfg = Release|Any CPU
		{22885627-F73B-4E46-B2E5-93CAE2481A01}.Release|Any CPU.Build.0 = Release|Any CPU
		{7265CE61-B82E-49DC-A324-FFE4E04935DE}.Debug|Any CPU.ActiveCfg = Debug|Any CPU
		{7265CE61-B82E-49DC-A324-FFE4E04935DE}.Debug|Any CPU.Build.0 = Debug|Any CPU
		{7265CE61-B82E-49DC-A324-FFE4E04935DE}.Release|Any CPU.ActiveCfg = Release|Any CPU
		{7265CE61-B82E-49DC-A324-FFE4E04935DE}.Release|Any CPU.Build.0 = Release|Any CPU
	EndGlobalSection
	GlobalSection(SolutionProperties) = preSolution
		HideSolutionNode = FALSE
	EndGlobalSection
	GlobalSection(ExtensibilityGlobals) = postSolution
		SolutionGuid = {78403D91-3E17-4B27-AF4C-5F8E1869DAF4}
	EndGlobalSection
EndGlobal
